
Microsoft Visual Studio Solution File, Format Version 12.00
# Visual Studio Version 18
VisualStudioVersion = 18.2.11415.280 d18.0
MinimumVisualStudioVersion = 10.0.40219.1
Project("{FAE04EC0-301F-11D3-BF4B-00C04F79EFBC}") = "PikPikMeter", "PikPikMeter\PikPikMeter.csproj", "{7BCAD7C0-7969-426A-8045-419C09F6FECC}"
EndProject
Project("{FAE04EC0-301F-11D3-BF4B-00C04F79EFBC}") = "PikPikMeter.Tests", "PikPikMeter.Tests\PikPikMeter.Tests.csproj", "{CF94FDA7-7E3D-D7FD-067C-E47CECD56EBD}"
EndProject
Global
	GlobalSection(SolutionConfigurationPlatforms) = preSolution
		Debug|Any CPU = Debug|Any CPU
		Release|Any CPU = Release|Any CPU
	EndGlobalSection
	GlobalSection(ProjectConfigurationPlatforms) = postSolution
		{7BCAD7C0-7969-426A-8045-419C09F6FECC}.Debug|Any CPU.ActiveCfg = Debug|Any CPU
		{7BCAD7C0-7969-426A-8045-419C09F6FECC}.Debug|Any CPU.Build.0 = Debug|Any CPU
		{7BCAD7C0-7969-426A-8045-419C09F6FECC}.Release|Any CPU.ActiveCfg = Release|Any CPU
		{7BCAD7C0-7969-426A-8045-419C09F6FECC}.Release|Any CPU.Build.0 = Release|Any CPU
		{CF94FDA7-7E3D-D7FD-067C-E47CECD56EBD}.Debug|Any CPU.ActiveCfg = Debug|Any CPU
		{CF94FDA7-7E3D-D7FD-067C-E47CECD56EBD}.Debug|Any CPU.Build.0 = Debug|Any CPU
		{CF94FDA7-7E3D-D7FD-067C-E47CECD56EBD}.Release|Any CPU.ActiveCfg = Release|Any CPU
		{CF94FDA7-7E3D-D7FD-067C-E47CECD56EBD}.Release|Any CPU.Build.0 = Release|Any CPU
	EndGlobalSection
	GlobalSection(SolutionProperties) = preSolution
		HideSolutionNode = FALSE
	EndGlobalSection
EndGlobal
